<?xml version="1.0" encoding="utf-8"?>
<Project ToolsVersion="4.0" xmlns="http://schemas.microsoft.com/developer/msbuild/2003">
  <ItemGroup>
    <Filter Include="Engin">
      <UniqueIdentifier>{B6B01D0D-22C5-45BE-EB46-E91D571A42EF}</UniqueIdentifier>
    </Filter>
  </ItemGroup>
  <ItemGroup>
    <ClInclude Include="src\Engin.h" />
    <ClInclude Include="src\Engin\Application.h">
      <Filter>Engin</Filter>
    </ClInclude>
    <ClInclude Include="src\Engin\Core.h">
      <Filter>Engin</Filter>
    </ClInclude>
    <ClInclude Include="src\Engin\EntryPoint.h">
      <Filter>Engin</Filter>
    </ClInclude>
    <ClInclude Include="src\Engin\Log.h">
      <Filter>Engin</Filter>
    </ClInclude>
    <ClInclude Include="src\Engin\Events\Event.h" />
    <ClInclude Include="src\Engin\Events\ApplicationEvent.h" />
    <ClInclude Include="src\Engin\Events\KeyEvent.h" />
    <ClInclude Include="src\Engin\Events\MouseEvent.h" />
  </ItemGroup>
  <ItemGroup>
    <ClCompile Include="src\Engin\Application.cpp">
      <Filter>Engin</Filter>
    </ClCompile>
    <ClCompile Include="src\Engin\Log.cpp">
      <Filter>Engin</Filter>
    </ClCompile>
  </ItemGroup>
</Project>